
Microsoft Visual Studio Solution File, Format Version 12.00
# Visual Studio Version 17
VisualStudioVersion = 17.4.33403.182
MinimumVisualStudioVersion = 10.0.40219.1
Project("{FAE04EC0-301F-11D3-BF4B-00C04F79EFBC}") = "Inventory_System02", "Inventory_System02\Inventory_System02.csproj", "{B3339EBD-D2AE-4C4E-9789-62DE7C13479B}"
EndProject
Project("{54435603-DBB4-11D2-8724-00A0C9A8B90C}") = "Inventory_Setup", "Inventory_Setup\Inventory_Setup.vdproj", "{67718383-A76B-42E6-B17D-6408AC75CBC2}"
EndProject
Project("{2150E333-8FDC-42A3-9474-1A3956D46DE8}") = "Solution Items", "Solution Items", "{8B100AB2-764E-4012-92E8-47997B0EE193}"
	ProjectSection(SolutionItems) = preProject
		app.manifest = app.manifest
	EndProjectSection
EndProject
Global
	GlobalSection(SolutionConfigurationPlatforms) = preSolution
		Debug|Any CPU = Debug|Any CPU
		Release|Any CPU = Release|Any CPU
	EndGlobalSection
	GlobalSection(ProjectConfigurationPlatforms) = postSolution
		{B3339EBD-D2AE-4C4E-9789-62DE7C13479B}.Debug|Any CPU.ActiveCfg = Debug|Any CPU
		{B3339EBD-D2AE-4C4E-9789-62DE7C13479B}.Debug|Any CPU.Build.0 = Debug|Any CPU
		{B3339EBD-D2AE-4C4E-9789-62DE7C13479B}.Release|Any CPU.ActiveCfg = Release|Any CPU
		{B3339EBD-D2AE-4C4E-9789-62DE7C13479B}.Release|Any CPU.Build.0 = Release|Any CPU
		{67718383-A76B-42E6-B17D-6408AC75CBC2}.Debug|Any CPU.ActiveCfg = Debug
		{67718383-A76B-42E6-B17D-6408AC75CBC2}.Release|Any CPU.ActiveCfg = Release
	EndGlobalSection
	GlobalSection(SolutionProperties) = preSolution
		HideSolutionNode = FALSE
	EndGlobalSection
	GlobalSection(ExtensibilityGlobals) = postSolution
		SolutionGuid = {974BDA64-EB2C-4472-8325-09863955FBE0}
	EndGlobalSection
EndGlobal
